
Microsoft Visual Studio Solution File, Format Version 12.00
# Visual Studio Version 17
VisualStudioVersion = 17.9.34723.18
MinimumVisualStudioVersion = 10.0.40219.1
Project("{9A19103F-16F7-4668-BE54-9A1E7A4F7556}") = "DndServer.API", "dnd-server\DndServer.API.csproj", "{E2035CA9-F004-4139-8346-01523EA9306B}"
EndProject
Project("{FAE04EC0-301F-11D3-BF4B-00C04F79EFBC}") = "DndServer.Domain", "DndServer.Domain\DndServer.Domain.csproj", "{D3AF866D-4564-40F2-8A48-3899B91387B7}"
EndProject
Project("{FAE04EC0-301F-11D3-BF4B-00C04F79EFBC}") = "DndServer.Application", "DndServer.Application\DndServer.Application.csproj", "{70AFE042-1EFD-4D17-9E68-C8F54B050641}"
EndProject
Project("{FAE04EC0-301F-11D3-BF4B-00C04F79EFBC}") = "DndServer.Infrastructure", "DndServer.Infrastructure\DndServer.Infrastructure.csproj", "{A41F0134-2ABB-4659-926A-D545A1A8C24E}"
EndProject
Global
	GlobalSection(SolutionConfigurationPlatforms) = preSolution
		Debug|Any CPU = Debug|Any CPU
		Release|Any CPU = Release|Any CPU
	EndGlobalSection
	GlobalSection(ProjectConfigurationPlatforms) = postSolution
		{E2035CA9-F004-4139-8346-01523EA9306B}.Debug|Any CPU.ActiveCfg = Debug|Any CPU
		{E2035CA9-F004-4139-8346-01523EA9306B}.Debug|Any CPU.Build.0 = Debug|Any CPU
		{E2035CA9-F004-4139-8346-01523EA9306B}.Release|Any CPU.ActiveCfg = Release|Any CPU
		{E2035CA9-F004-4139-8346-01523EA9306B}.Release|Any CPU.Build.0 = Release|Any CPU
		{D3AF866D-4564-40F2-8A48-3899B91387B7}.Debug|Any CPU.ActiveCfg = Debug|Any CPU
		{D3AF866D-4564-40F2-8A48-3899B91387B7}.Debug|Any CPU.Build.0 = Debug|Any CPU
		{D3AF866D-4564-40F2-8A48-3899B91387B7}.Release|Any CPU.ActiveCfg = Release|Any CPU
		{D3AF866D-4564-40F2-8A48-3899B91387B7}.Release|Any CPU.Build.0 = Release|Any CPU
		{70AFE042-1EFD-4D17-9E68-C8F54B050641}.Debug|Any CPU.ActiveCfg = Debug|Any CPU
		{70AFE042-1EFD-4D17-9E68-C8F54B050641}.Debug|Any CPU.Build.0 = Debug|Any CPU
		{70AFE042-1EFD-4D17-9E68-C8F54B050641}.Release|Any CPU.ActiveCfg = Release|Any CPU
		{70AFE042-1EFD-4D17-9E68-C8F54B050641}.Release|Any CPU.Build.0 = Release|Any CPU
		{A41F0134-2ABB-4659-926A-D545A1A8C24E}.Debug|Any CPU.ActiveCfg = Debug|Any CPU
		{A41F0134-2ABB-4659-926A-D545A1A8C24E}.Debug|Any CPU.Build.0 = Debug|Any CPU
		{A41F0134-2ABB-4659-926A-D545A1A8C24E}.Release|Any CPU.ActiveCfg = Release|Any CPU
		{A41F0134-2ABB-4659-926A-D545A1A8C24E}.Release|Any CPU.Build.0 = Release|Any CPU
	EndGlobalSection
	GlobalSection(SolutionProperties) = preSolution
		HideSolutionNode = FALSE
	EndGlobalSection
	GlobalSection(ExtensibilityGlobals) = postSolution
		SolutionGuid = {60A9BCDC-4940-471A-939E-2436B8F36459}
	EndGlobalSection
EndGlobal
